
Microsoft Visual Studio Solution File, Format Version 12.00
# Visual Studio Version 16
VisualStudioVersion = 16.0.29102.190
MinimumVisualStudioVersion = 10.0.40219.1
Project("{9A19103F-16F7-4668-BE54-9A1E7A4F7556}") = "LugNutzPremium", "LugNutzPremium\LugNutzPremium.csproj", "{F21A6F21-4CA8-470E-B4E6-4194F92F35D6}"
EndProject
Global
	GlobalSection(SolutionConfigurationPlatforms) = preSolution
		Debug|Any CPU = Debug|Any CPU
		Release|Any CPU = Release|Any CPU
	EndGlobalSection
	GlobalSection(ProjectConfigurationPlatforms) = postSolution
		{F21A6F21-4CA8-470E-B4E6-4194F92F35D6}.Debug|Any CPU.ActiveCfg = Debug|Any CPU
		{F21A6F21-4CA8-470E-B4E6-4194F92F35D6}.Debug|Any CPU.Build.0 = Debug|Any CPU
		{F21A6F21-4CA8-470E-B4E6-4194F92F35D6}.Release|Any CPU.ActiveCfg = Release|Any CPU
		{F21A6F21-4CA8-470E-B4E6-4194F92F35D6}.Release|Any CPU.Build.0 = Release|Any CPU
	EndGlobalSection
	GlobalSection(SolutionProperties) = preSolution
		HideSolutionNode = FALSE
	EndGlobalSection
	GlobalSection(ExtensibilityGlobals) = postSolution
		SolutionGuid = {DE8230F5-CA4E-4562-8ADA-2BA166208307}
	EndGlobalSection
EndGlobal
